
Microsoft Visual Studio Solution File, Format Version 12.00
# Visual Studio Version 16
VisualStudioVersion = 16.0.31321.278
MinimumVisualStudioVersion = 10.0.40219.1
Project("{9A19103F-16F7-4668-BE54-9A1E7A4F7556}") = "Homework2", "Homework2.csproj", "{53A1C876-2D6B-411B-A7F6-9C4B0AD1BF66}"
EndProject
Global
	GlobalSection(SolutionConfigurationPlatforms) = preSolution
		Debug|Any CPU = Debug|Any CPU
		Release|Any CPU = Release|Any CPU
	EndGlobalSection
	GlobalSection(ProjectConfigurationPlatforms) = postSolution
		{53A1C876-2D6B-411B-A7F6-9C4B0AD1BF66}.Debug|Any CPU.ActiveCfg = Debug|Any CPU
		{53A1C876-2D6B-411B-A7F6-9C4B0AD1BF66}.Debug|Any CPU.Build.0 = Debug|Any CPU
		{53A1C876-2D6B-411B-A7F6-9C4B0AD1BF66}.Release|Any CPU.ActiveCfg = Release|Any CPU
		{53A1C876-2D6B-411B-A7F6-9C4B0AD1BF66}.Release|Any CPU.Build.0 = Release|Any CPU
	EndGlobalSection
	GlobalSection(SolutionProperties) = preSolution
		HideSolutionNode = FALSE
	EndGlobalSection
	GlobalSection(ExtensibilityGlobals) = postSolution
		SolutionGuid = {CF06F4A0-D359-46E6-81EA-C429ED40772D}
	EndGlobalSection
EndGlobal
